// !$*UTF8*$!
{
	archiveVersion = 1;
	classes = {
	};
	objectVersion = 46;
	objects = {

/* Begin PBXBuildFile section */
		59E1613A1F02FAEC00F999AF /* AppDelegate.swift in Sources */ = {isa = PBXBuildFile; fileRef = 59E161391F02FAEC00F999AF /* AppDelegate.swift */; };
		59E1613C1F02FAEC00F999AF /* ViewController.swift in Sources */ = {isa = PBXBuildFile; fileRef = 59E1613B1F02FAEC00F999AF /* ViewController.swift */; };
		59E1613F1F02FAEC00F999AF /* Main.storyboard in Resources */ = {isa = PBXBuildFile; fileRef = 59E1613D1F02FAEC00F999AF /* Main.storyboard */; };
		59E161411F02FAEC00F999AF /* Assets.xcassets in Resources */ = {isa = PBXBuildFile; fileRef = 59E161401F02FAEC00F999AF /* Assets.xcassets */; };
		59E161441F02FAEC00F999AF /* LaunchScreen.storyboard in Resources */ = {isa = PBXBuildFile; fileRef = 59E161421F02FAEC00F999AF /* LaunchScreen.storyboard */; };
		59E1614F1F02FAEC00F999AF /* TavisgramTests.swift in Sources */ = {isa = PBXBuildFile; fileRef = 59E1614E1F02FAEC00F999AF /* TavisgramTests.swift */; };
		59E1615A1F02FAEC00F999AF /* TavisgramUITests.swift in Sources */ = {isa = PBXBuildFile; fileRef = 59E161591F02FAEC00F999AF /* TavisgramUITests.swift */; };
/* End PBXBuildFile section */

/* Begin PBXContainerItemProxy section */
		59E1614B1F02FAEC00F999AF /* PBXContainerItemProxy */ = {
			isa = PBXContainerItemProxy;
			containerPortal = 59E1612E1F02FAEC00F999AF /* Project object */;
			proxyType = 1;
			remoteGlobalIDString = 59E161351F02FAEC00F999AF;
			remoteInfo = Tavisgram;
		};
		59E161561F02FAEC00F999AF /* PBXContainerItemProxy */ = {
			isa = PBXContainerItemProxy;
			containerPortal = 59E1612E1F02FAEC00F999AF /* Project object */;
			proxyType = 1;
			remoteGlobalIDString = 59E161351F02FAEC00F999AF;
			remoteInfo = Tavisgram;
		};
/* End PBXContainerItemProxy section */

/* Begin PBXFileReference section */
		59E161361F02FAEC00F999AF /* Tavisgram.app */ = {isa = PBXFileReference; explicitFileType = wrapper.application; includeInIndex = 0; path = Tavisgram.app; sourceTree = BUILT_PRODUCTS_DIR; };
		59E161391F02FAEC00F999AF /* AppDelegate.swift */ = {isa = PBXFileReference; lastKnownFileType = sourcecode.swift; path = AppDelegate.swift; sourceTree = "<group>"; };
		59E1613B1F02FAEC00F999AF /* ViewController.swift */ = {isa = PBXFileReference; lastKnownFileType = sourcecode.swift; path = ViewController.swift; sourceTree = "<group>"; };
		59E1613E1F02FAEC00F999AF /* Base */ = {isa = PBXFileReference; lastKnownFileType = file.storyboard; name = Base; path = Base.lproj/Main.storyboard; sourceTree = "<group>"; };
		59E161401F02FAEC00F999AF /* Assets.xcassets */ = {isa = PBXFileReference; lastKnownFileType = folder.assetcatalog; path = Assets.xcassets; sourceTree = "<group>"; };
		59E161431F02FAEC00F999AF /* Base */ = {isa = PBXFileReference; lastKnownFileType = file.storyboard; name = Base; path = Base.lproj/LaunchScreen.storyboard; sourceTree = "<group>"; };
		59E161451F02FAEC00F999AF /* Info.plist */ = {isa = PBXFileReference; lastKnownFileType = text.plist.xml; path = Info.plist; sourceTree = "<group>"; };
		59E1614A1F02FAEC00F999AF /* TavisgramTests.xctest */ = {isa = PBXFileReference; explicitFileType = wrapper.cfbundle; includeInIndex = 0; path = TavisgramTests.xctest; sourceTree = BUILT_PRODUCTS_DIR; };
		59E1614E1F02FAEC00F999AF /* TavisgramTests.swift */ = {isa = PBXFileReference; lastKnownFileType = sourcecode.swift; path = TavisgramTests.swift; sourceTree = "<group>"; };
		59E161501F02FAEC00F999AF /* Info.plist */ = {isa = PBXFileReference; lastKnownFileType = text.plist.xml; path = Info.plist; sourceTree = "<group>"; };
		59E161551F02FAEC00F999AF /* TavisgramUITests.xctest */ = {isa = PBXFileReference; explicitFileType = wrapper.cfbundle; includeInIndex = 0; path = TavisgramUITests.xctest; sourceTree = BUILT_PRODUCTS_DIR; };
		59E161591F02FAEC00F999AF /* TavisgramUITests.swift */ = {isa = PBXFileReference; lastKnownFileType = sourcecode.swift; path = TavisgramUITests.swift; sourceTree = "<group>"; };
		59E1615B1F02FAEC00F999AF /* Info.plist */ = {isa = PBXFileReference; lastKnownFileType = text.plist.xml; path = Info.plist; sourceTree = "<group>"; };
/* End PBXFileReference section */

/* Begin PBXFrameworksBuildPhase section */
		59E161331F02FAEC00F999AF /* Frameworks */ = {
			isa = PBXFrameworksBuildPhase;
			buildActionMask = 2147483647;
			files = (
			);
			runOnlyForDeploymentPostprocessing = 0;
		};
		59E161471F02FAEC00F999AF /* Frameworks */ = {
			isa = PBXFrameworksBuildPhase;
			buildActionMask = 2147483647;
			files = (
			);
			runOnlyForDeploymentPostprocessing = 0;
		};
		59E161521F02FAEC00F999AF /* Frameworks */ = {
			isa = PBXFrameworksBuildPhase;
			buildActionMask = 2147483647;
			files = (
			);
			runOnlyForDeploymentPostprocessing = 0;
		};
/* End PBXFrameworksBuildPhase section */

/* Begin PBXGroup section */
		59E1612D1F02FAEC00F999AF = {
			isa = PBXGroup;
			children = (
				59E161381F02FAEC00F999AF /* Tavisgram */,
				59E1614D1F02FAEC00F999AF /* TavisgramTests */,
				59E161581F02FAEC00F999AF /* TavisgramUITests */,
				59E161371F02FAEC00F999AF /* Products */,
			);
			sourceTree = "<group>";
		};
		59E161371F02FAEC00F999AF /* Products */ = {
			isa = PBXGroup;
			children = (
				59E161361F02FAEC00F999AF /* Tavisgram.app */,
				59E1614A1F02FAEC00F999AF /* TavisgramTests.xctest */,
				59E161551F02FAEC00F999AF /* TavisgramUITests.xctest */,
			);
			name = Products;
			sourceTree = "<group>";
		};
		59E161381F02FAEC00F999AF /* Tavisgram */ = {
			isa = PBXGroup;
			children = (
				59E161391F02FAEC00F999AF /* AppDelegate.swift */,
				59E1613B1F02FAEC00F999AF /* ViewController.swift */,
				59E1613D1F02FAEC00F999AF /* Main.storyboard */,
				59E161401F02FAEC00F999AF /* Assets.xcassets */,
				59E161421F02FAEC00F999AF /* LaunchScreen.storyboard */,
				59E161451F02FAEC00F999AF /* Info.plist */,
			);
			path = Tavisgram;
			sourceTree = "<group>";
		};
		59E1614D1F02FAEC00F999AF /* TavisgramTests */ = {
			isa = PBXGroup;
			children = (
				59E1614E1F02FAEC00F999AF /* TavisgramTests.swift */,
				59E161501F02FAEC00F999AF /* Info.plist */,
			);
			path = TavisgramTests;
			sourceTree = "<group>";
		};
		59E161581F02FAEC00F999AF /* TavisgramUITests */ = {
			isa = PBXGroup;
			children = (
				59E161591F02FAEC00F999AF /* TavisgramUITests.swift */,
				59E1615B1F02FAEC00F999AF /* Info.plist */,
			);
			path = TavisgramUITests;
			sourceTree = "<group>";
		};
/* End PBXGroup section */

/* Begin PBXNativeTarget section */
		59E161351F02FAEC00F999AF /* Tavisgram */ = {
			isa = PBXNativeTarget;
			buildConfigurationList = 59E1615E1F02FAEC00F999AF /* Build configuration list for PBXNativeTarget "Tavisgram" */;
			buildPhases = (
				59E161321F02FAEC00F999AF /* Sources */,
				59E161331F02FAEC00F999AF /* Frameworks */,
				59E161341F02FAEC00F999AF /* Resources */,
			);
			buildRules = (
			);
			dependencies = (
			);
			name = Tavisgram;
			productName = Tavisgram;
			productReference = 59E161361F02FAEC00F999AF /* Tavisgram.app */;
			productType = "com.apple.product-type.application";
		};
		59E161491F02FAEC00F999AF /* TavisgramTests */ = {
			isa = PBXNativeTarget;
			buildConfigurationList = 59E161611F02FAEC00F999AF /* Build configuration list for PBXNativeTarget "TavisgramTests" */;
			buildPhases = (
				59E161461F02FAEC00F999AF /* Sources */,
				59E161471F02FAEC00F999AF /* Frameworks */,
				59E161481F02FAEC00F999AF /* Resources */,
			);
			buildRules = (
			);
			dependencies = (
				59E1614C1F02FAEC00F999AF /* PBXTargetDependency */,
			);
			name = TavisgramTests;
			productName = TavisgramTests;
			productReference = 59E1614A1F02FAEC00F999AF /* TavisgramTests.xctest */;
			productType = "com.apple.product-type.bundle.unit-test";
		};
		59E161541F02FAEC00F999AF /* TavisgramUITests */ = {
			isa = PBXNativeTarget;
			buildConfigurationList = 59E161641F02FAEC00F999AF /* Build configuration list for PBXNativeTarget "TavisgramUITests" */;
			buildPhases = (
				59E161511F02FAEC00F999AF /* Sources */,
				59E161521F02FAEC00F999AF /* Frameworks */,
				59E161531F02FAEC00F999AF /* Resources */,
			);
			buildRules = (
			);
			dependencies = (
				59E161571F02FAEC00F999AF /* PBXTargetDependency */,
			);
			name = TavisgramUITests;
			productName = TavisgramUITests;
			productReference = 59E161551F02FAEC00F999AF /* TavisgramUITests.xctest */;
			productType = "com.apple.product-type.bundle.ui-testing";
		};
/* End PBXNativeTarget section */

/* Begin PBXProject section */
		59E1612E1F02FAEC00F999AF /* Project object */ = {
			isa = PBXProject;
			attributes = {
				LastSwiftUpdateCheck = 0830;
				LastUpgradeCheck = 0830;
				ORGANIZATIONNAME = "Tavis Thompson";
				TargetAttributes = {
					59E161351F02FAEC00F999AF = {
						CreatedOnToolsVersion = 8.3.2;
						ProvisioningStyle = Automatic;
					};
					59E161491F02FAEC00F999AF = {
						CreatedOnToolsVersion = 8.3.2;
						ProvisioningStyle = Automatic;
						TestTargetID = 59E161351F02FAEC00F999AF;
					};
					59E161541F02FAEC00F999AF = {
						CreatedOnToolsVersion = 8.3.2;
						ProvisioningStyle = Automatic;
						TestTargetID = 59E161351F02FAEC00F999AF;
					};
				};
			};
			buildConfigurationList = 59E161311F02FAEC00F999AF /* Build configuration list for PBXProject "Tavisgram" */;
			compatibilityVersion = "Xcode 3.2";
			developmentRegion = English;
			hasScannedForEncodings = 0;
			knownRegions = (
				en,
				Base,
			);
			mainGroup = 59E1612D1F02FAEC00F999AF;
			productRefGroup = 59E161371F02FAEC00F999AF /* Products */;
			projectDirPath = "";
			projectRoot = "";
			targets = (
				59E161351F02FAEC00F999AF /* Tavisgram */,
				59E161491F02FAEC00F999AF /* TavisgramTests */,
				59E161541F02FAEC00F999AF /* TavisgramUITests */,
			);
		};
/* End PBXProject section */

/* Begin PBXResourcesBuildPhase section */
		59E161341F02FAEC00F999AF /* Resources */ = {
			isa = PBXResourcesBuildPhase;
			buildActionMask = 2147483647;
			files = (
				59E161441F02FAEC00F999AF /* LaunchScreen.storyboard in Resources */,
				59E161411F02FAEC00F999AF /* Assets.xcassets in Resources */,
				59E1613F1F02FAEC00F999AF /* Main.storyboard in Resources */,
			);
			runOnlyForDeploymentPostprocessing = 0;
		};
		59E161481F02FAEC00F999AF /* Resources */ = {
			isa = PBXResourcesBuildPhase;
			buildActionMask = 2147483647;
			files = (
			);
			runOnlyForDeploymentPostprocessing = 0;
		};
		59E161531F02FAEC00F999AF /* Resources */ = {
			isa = PBXResourcesBuildPhase;
			buildActionMask = 2147483647;
			files = (
			);
			runOnlyForDeploymentPostprocessing = 0;
		};
/* End PBXResourcesBuildPhase section */

/* Begin PBXSourcesBuildPhase section */
		59E161321F02FAEC00F999AF /* Sources */ = {
			isa = PBXSourcesBuildPhase;
			buildActionMask = 2147483647;
			files = (
				59E1613C1F02FAEC00F999AF /* ViewController.swift in Sources */,
				59E1613A1F02FAEC00F999AF /* AppDelegate.swift in Sources */,
			);
			runOnlyForDeploymentPostprocessing = 0;
		};
		59E161461F02FAEC00F999AF /* Sources */ = {
			isa = PBXSourcesBuildPhase;
			buildActionMask = 2147483647;
			files = (
				59E1614F1F02FAEC00F999AF /* TavisgramTests.swift in Sources */,
			);
			runOnlyForDeploymentPostprocessing = 0;
		};
		59E161511F02FAEC00F999AF /* Sources */ = {
			isa = PBXSourcesBuildPhase;
			buildActionMask = 2147483647;
			files = (
				59E1615A1F02FAEC00F999AF /* TavisgramUITests.swift in Sources */,
			);
			runOnlyForDeploymentPostprocessing = 0;
		};
/* End PBXSourcesBuildPhase section */

/* Begin PBXTargetDependency section */
		59E1614C1F02FAEC00F999AF /* PBXTargetDependency */ = {
			isa = PBXTargetDependency;
			target = 59E161351F02FAEC00F999AF /* Tavisgram */;
			targetProxy = 59E1614B1F02FAEC00F999AF /* PBXContainerItemProxy */;
		};
		59E161571F02FAEC00F999AF /* PBXTargetDependency */ = {
			isa = PBXTargetDependency;
			target = 59E161351F02FAEC00F999AF /* Tavisgram */;
			targetProxy = 59E161561F02FAEC00F999AF /* PBXContainerItemProxy */;
		};
/* End PBXTargetDependency section */

/* Begin PBXVariantGroup section */
		59E1613D1F02FAEC00F999AF /* Main.storyboard */ = {
			isa = PBXVariantGroup;
			children = (
				59E1613E1F02FAEC00F999AF /* Base */,
			);
			name = Main.storyboard;
			sourceTree = "<group>";
		};
		59E161421F02FAEC00F999AF /* LaunchScreen.storyboard */ = {
			isa = PBXVariantGroup;
			children = (
				59E161431F02FAEC00F999AF /* Base */,
			);
			name = LaunchScreen.storyboard;
			sourceTree = "<group>";
		};
/* End PBXVariantGroup section */

/* Begin XCBuildConfiguration section */
		59E1615C1F02FAEC00F999AF /* Debug */ = {
			isa = XCBuildConfiguration;
			buildSettings = {
				ALWAYS_SEARCH_USER_PATHS = NO;
				CLANG_ANALYZER_NONNULL = YES;
				CLANG_ANALYZER_NUMBER_OBJECT_CONVERSION = YES_AGGRESSIVE;
				CLANG_CXX_LANGUAGE_STANDARD = "gnu++0x";
				CLANG_CXX_LIBRARY = "libc++";
				CLANG_ENABLE_MODULES = YES;
				CLANG_ENABLE_OBJC_ARC = YES;
				CLANG_WARN_BOOL_CONVERSION = YES;
				CLANG_WARN_CONSTANT_CONVERSION = YES;
				CLANG_WARN_DIRECT_OBJC_ISA_USAGE = YES_ERROR;
				CLANG_WARN_DOCUMENTATION_COMMENTS = YES;
				CLANG_WARN_EMPTY_BODY = YES;
				CLANG_WARN_ENUM_CONVERSION = YES;
				CLANG_WARN_INFINITE_RECURSION = YES;
				CLANG_WARN_INT_CONVERSION = YES;
				CLANG_WARN_OBJC_ROOT_CLASS = YES_ERROR;
				CLANG_WARN_SUSPICIOUS_MOVE = YES;
				CLANG_WARN_UNREACHABLE_CODE = YES;
				CLANG_WARN__DUPLICATE_METHOD_MATCH = YES;
				"CODE_SIGN_IDENTITY[sdk=iphoneos*]" = "iPhone Developer";
				COPY_PHASE_STRIP = NO;
				DEBUG_INFORMATION_FORMAT = dwarf;
				ENABLE_STRICT_OBJC_MSGSEND = YES;
				ENABLE_TESTABILITY = YES;
				GCC_C_LANGUAGE_STANDARD = gnu99;
				GCC_DYNAMIC_NO_PIC = NO;
				GCC_NO_COMMON_BLOCKS = YES;
				GCC_OPTIMIZATION_LEVEL = 0;
				GCC_PREPROCESSOR_DEFINITIONS = (
					"DEBUG=1",
					"$(inherited)",
				);
				GCC_WARN_64_TO_32_BIT_CONVERSION = YES;
				GCC_WARN_ABOUT_RETURN_TYPE = YES_ERROR;
				GCC_WARN_UNDECLARED_SELECTOR = YES;
				GCC_WARN_UNINITIALIZED_AUTOS = YES_AGGRESSIVE;
				GCC_WARN_UNUSED_FUNCTION = YES;
				GCC_WARN_UNUSED_VARIABLE = YES;
				IPHONEOS_DEPLOYMENT_TARGET = 10.3;
				MTL_ENABLE_DEBUG_INFO = YES;
				ONLY_ACTIVE_ARCH = YES;
				SDKROOT = iphoneos;
				SWIFT_ACTIVE_COMPILATION_CONDITIONS = DEBUG;
				SWIFT_OPTIMIZATION_LEVEL = "-Onone";
			};
			name = Debug;
		};
		59E1615D1F02FAEC00F999AF /* Release */ = {
			isa = XCBuildConfiguration;
			buildSettings = {
				ALWAYS_SEARCH_USER_PATHS = NO;
				CLANG_ANALYZER_NONNULL = YES;
				CLANG_ANALYZER_NUMBER_OBJECT_CONVERSION = YES_AGGRESSIVE;
				CLANG_CXX_LANGUAGE_STANDARD = "gnu++0x";
				CLANG_CXX_LIBRARY = "libc++";
				CLANG_ENABLE_MODULES = YES;
				CLANG_ENABLE_OBJC_ARC = YES;
				CLANG_WARN_BOOL_CONVERSION = YES;
				CLANG_WARN_CONSTANT_CONVERSION = YES;
				CLANG_WARN_DIRECT_OBJC_ISA_USAGE = YES_ERROR;
				CLANG_WARN_DOCUMENTATION_COMMENTS = YES;
				CLANG_WARN_EMPTY_BODY = YES;
				CLANG_WARN_ENUM_CONVERSION = YES;
				CLANG_WARN_INFINITE_RECURSION = YES;
				CLANG_WARN_INT_CONVERSION = YES;
				CLANG_WARN_OBJC_ROOT_CLASS = YES_ERROR;
				CLANG_WARN_SUSPICIOUS_MOVE = YES;
				CLANG_WARN_UNREACHABLE_CODE = YES;
				CLANG_WARN__DUPLICATE_METHOD_MATCH = YES;
				"CODE_SIGN_IDENTITY[sdk=iphoneos*]" = "iPhone Developer";
				COPY_PHASE_STRIP = NO;
				DEBUG_INFORMATION_FORMAT = "dwarf-with-dsym";
				ENABLE_NS_ASSERTIONS = NO;
				ENABLE_STRICT_OBJC_MSGSEND = YES;
				GCC_C_LANGUAGE_STANDARD = gnu99;
				GCC_NO_COMMON_BLOCKS = YES;
				GCC_WARN_64_TO_32_BIT_CONVERSION = YES;
				GCC_WARN_ABOUT_RETURN_TYPE = YES_ERROR;
				GCC_WARN_UNDECLARED_SELECTOR = YES;
				GCC_WARN_UNINITIALIZED_AUTOS = YES_AGGRESSIVE;
				GCC_WARN_UNUSED_FUNCTION = YES;
				GCC_WARN_UNUSED_VARIABLE = YES;
				IPHONEOS_DEPLOYMENT_TARGET = 10.3;
				MTL_ENABLE_DEBUG_INFO = NO;
				SDKROOT = iphoneos;
				SWIFT_OPTIMIZATION_LEVEL = "-Owholemodule";
				VALIDATE_PRODUCT = YES;
			};
			name = Release;
		};
		59E1615F1F02FAEC00F999AF /* Debug */ = {
			isa = XCBuildConfiguration;
			buildSettings = {
				ASSETCATALOG_COMPILER_APPICON_NAME = AppIcon;
				INFOPLIST_FILE = Tavisgram/Info.plist;
				LD_RUNPATH_SEARCH_PATHS = "$(inherited) @executable_path/Frameworks";
				PRODUCT_BUNDLE_IDENTIFIER = com.Tavis.Tavisgram;
				PRODUCT_NAME = "$(TARGET_NAME)";
				SWIFT_VERSION = 3.0;
			};
			name = Debug;
		};
		59E161601F02FAEC00F999AF /* Release */ = {
			isa = XCBuildConfiguration;
			buildSettings = {
				ASSETCATALOG_COMPILER_APPICON_NAME = AppIcon;
				INFOPLIST_FILE = Tavisgram/Info.plist;
				LD_RUNPATH_SEARCH_PATHS = "$(inherited) @executable_path/Frameworks";
				PRODUCT_BUNDLE_IDENTIFIER = com.Tavis.Tavisgram;
				PRODUCT_NAME = "$(TARGET_NAME)";
				SWIFT_VERSION = 3.0;
			};
			name = Release;
		};
		59E161621F02FAEC00F999AF /* Debug */ = {
			isa = XCBuildConfiguration;
			buildSettings = {
				ALWAYS_EMBED_SWIFT_STANDARD_LIBRARIES = YES;
				BUNDLE_LOADER = "$(TEST_HOST)";
				INFOPLIST_FILE = TavisgramTests/Info.plist;
				LD_RUNPATH_SEARCH_PATHS = "$(inherited) @executable_path/Frameworks @loader_path/Frameworks";
				PRODUCT_BUNDLE_IDENTIFIER = com.Tavis.TavisgramTests;
				PRODUCT_NAME = "$(TARGET_NAME)";
				SWIFT_VERSION = 3.0;
				TEST_HOST = "$(BUILT_PRODUCTS_DIR)/Tavisgram.app/Tavisgram";
			};
			name = Debug;
		};
		59E161631F02FAEC00F999AF /* Release */ = {
			isa = XCBuildConfiguration;
			buildSettings = {
				ALWAYS_EMBED_SWIFT_STANDARD_LIBRARIES = YES;
				BUNDLE_LOADER = "$(TEST_HOST)";
				INFOPLIST_FILE = TavisgramTests/Info.plist;
				LD_RUNPATH_SEARCH_PATHS = "$(inherited) @executable_path/Frameworks @loader_path/Frameworks";
				PRODUCT_BUNDLE_IDENTIFIER = com.Tavis.TavisgramTests;
				PRODUCT_NAME = "$(TARGET_NAME)";
				SWIFT_VERSION = 3.0;
				TEST_HOST = "$(BUILT_PRODUCTS_DIR)/Tavisgram.app/Tavisgram";
			};
			name = Release;
		};
		59E161651F02FAEC00F999AF /* Debug */ = {
			isa = XCBuildConfiguration;
			buildSettings = {
				ALWAYS_EMBED_SWIFT_STANDARD_LIBRARIES = YES;
				INFOPLIST_FILE = TavisgramUITests/Info.plist;
				LD_RUNPATH_SEARCH_PATHS = "$(inherited) @executable_path/Frameworks @loader_path/Frameworks";
				PRODUCT_BUNDLE_IDENTIFIER = com.Tavis.TavisgramUITests;
				PRODUCT_NAME = "$(TARGET_NAME)";
				SWIFT_VERSION = 3.0;
				TEST_TARGET_NAME = Tavisgram;
			};
			name = Debug;
		};
		59E161661F02FAEC00F999AF /* Release */ = {
			isa = XCBuildConfiguration;
			buildSettings = {
				ALWAYS_EMBED_SWIFT_STANDARD_LIBRARIES = YES;
				INFOPLIST_FILE = TavisgramUITests/Info.plist;
				LD_RUNPATH_SEARCH_PATHS = "$(inherited) @executable_path/Frameworks @loader_path/Frameworks";
				PRODUCT_BUNDLE_IDENTIFIER = com.Tavis.TavisgramUITests;
				PRODUCT_NAME = "$(TARGET_NAME)";
				SWIFT_VERSION = 3.0;
				TEST_TARGET_NAME = Tavisgram;
			};
			name = Release;
		};
/* End XCBuildConfiguration section */

/* Begin XCConfigurationList section */
		59E161311F02FAEC00F999AF /* Build configuration list for PBXProject "Tavisgram" */ = {
			isa = XCConfigurationList;
			buildConfigurations = (
				59E1615C1F02FAEC00F999AF /* Debug */,
				59E1615D1F02FAEC00F999AF /* Release */,
			);
			defaultConfigurationIsVisible = 0;
			defaultConfigurationName = Release;
		};
		59E1615E1F02FAEC00F999AF /* Build configuration list for PBXNativeTarget "Tavisgram" */ = {
			isa = XCConfigurationList;
			buildConfigurations = (
				59E1615F1F02FAEC00F999AF /* Debug */,
				59E161601F02FAEC00F999AF /* Release */,
			);
			defaultConfigurationIsVisible = 0;
		};
		59E161611F02FAEC00F999AF /* Build configuration list for PBXNativeTarget "TavisgramTests" */ = {
			isa = XCConfigurationList;
			buildConfigurations = (
				59E161621F02FAEC00F999AF /* Debug */,
				59E161631F02FAEC00F999AF /* Release */,
			);
			defaultConfigurationIsVisible = 0;
		};
		59E161641F02FAEC00F999AF /* Build configuration list for PBXNativeTarget "TavisgramUITests" */ = {
			isa = XCConfigurationList;
			buildConfigurations = (
				59E161651F02FAEC00F999AF /* Debug */,
				59E161661F02FAEC00F999AF /* Release */,
			);
			defaultConfigurationIsVisible = 0;
		};
/* End XCConfigurationList section */
	};
	rootObject = 59E1612E1F02FAEC00F999AF /* Project object */;
}
